
Microsoft Visual Studio Solution File, Format Version 12.00
# Visual Studio Version 16
VisualStudioVersion = 16.0.29201.188
MinimumVisualStudioVersion = 10.0.40219.1
Project("{2150E333-8FDC-42A3-9474-1A3956D46DE8}") = "src", "src", "{082E01DA-C712-4845-A935-F3C309A9F7C7}"
	ProjectSection(SolutionItems) = preProject
		src\sharedsettings.json = src\sharedsettings.json
	EndProjectSection
EndProject
Project("{2150E333-8FDC-42A3-9474-1A3956D46DE8}") = "ApiGateways", "ApiGateways", "{9324DE94-FBB6-4CC2-8473-2B921A276F9F}"
EndProject
Project("{2150E333-8FDC-42A3-9474-1A3956D46DE8}") = "Services", "Services", "{8B8E8C88-B4D3-4BC2-A539-0B40360A967F}"
EndProject
Project("{2150E333-8FDC-42A3-9474-1A3956D46DE8}") = "CRM", "CRM", "{9D5A88A4-D50C-42D4-8662-04E4847080AB}"
EndProject
Project("{2150E333-8FDC-42A3-9474-1A3956D46DE8}") = "ControleAcesso", "ControleAcesso", "{6706940D-ABFB-4455-9B14-D5D3401910D6}"
EndProject
Project("{9A19103F-16F7-4668-BE54-9A1E7A4F7556}") = "WebApp.ApiGateway", "src\ApiGateways\WebApp.ApiGateway\WebApp.ApiGateway.csproj", "{05EA1D49-5790-4B67-A6E2-B178D85F60CD}"
EndProject
Project("{9A19103F-16F7-4668-BE54-9A1E7A4F7556}") = "CRM.API", "src\Services\CRM\CRM.API\CRM.API.csproj", "{0BC2A393-EFB9-4E8E-87DC-369C782E338E}"
EndProject
Project("{2150E333-8FDC-42A3-9474-1A3956D46DE8}") = "Infraestrutura", "Infraestrutura", "{090B0CC6-C23E-496D-A443-C416F21C4AA2}"
EndProject
Project("{9A19103F-16F7-4668-BE54-9A1E7A4F7556}") = "Infraestrutura.API", "src\Services\Infraestrutura\Infraestrutura.API\Infraestrutura.API.csproj", "{A18C3D07-AD89-48F1-ACD1-4F50ED4117CB}"
EndProject
Project("{9A19103F-16F7-4668-BE54-9A1E7A4F7556}") = "Infraestrutura.Domain", "src\Services\Infraestrutura\Infraestrutura.Domain\Infraestrutura.Domain.csproj", "{EDDD3258-2E99-4AF2-A4A9-CA857E3589F6}"
EndProject
Project("{9A19103F-16F7-4668-BE54-9A1E7A4F7556}") = "Infraestrutura.Core", "src\Services\Infraestrutura\Infraestrutura.Core\Infraestrutura.Core.csproj", "{ADE0C26E-5670-481E-9D6D-D5FAA8CE80D5}"
EndProject
Project("{9A19103F-16F7-4668-BE54-9A1E7A4F7556}") = "ControleAcesso.Domain", "src\Services\ControleAcesso\ControleAcesso.Domain\ControleAcesso.Domain.csproj", "{E6B5B290-EBDD-4A68-A377-D240007A0443}"
EndProject
Project("{9A19103F-16F7-4668-BE54-9A1E7A4F7556}") = "ControleAcesso.Core", "src\Services\ControleAcesso\ControleAcesso.Core\ControleAcesso.Core.csproj", "{6F38192A-751E-430C-92CE-A1C39B5663F8}"
EndProject
Project("{9A19103F-16F7-4668-BE54-9A1E7A4F7556}") = "CRM.Domain", "src\Services\CRM\CRM.Domain\CRM.Domain.csproj", "{59F777D9-C6F7-4178-8912-30C6CA13BFE0}"
EndProject
Project("{9A19103F-16F7-4668-BE54-9A1E7A4F7556}") = "CRM.Core", "src\Services\CRM\CRM.Core\CRM.Core.csproj", "{6ABD93A5-3072-470A-8985-16FD07B97DAD}"
EndProject
Project("{2150E333-8FDC-42A3-9474-1A3956D46DE8}") = "Infrastructure", "Infrastructure", "{0872C090-18A3-4AD1-B1B3-3C5552A6722D}"
EndProject
Project("{9A19103F-16F7-4668-BE54-9A1E7A4F7556}") = "ControleAcesso.API", "src\Services\ControleAcesso\ControleAcesso.API\ControleAcesso.API.csproj", "{8A8A5D57-135B-4DD5-AE1C-3C6B11105C61}"
EndProject
Project("{9A19103F-16F7-4668-BE54-9A1E7A4F7556}") = "Domain.Core", "src\Infrastructure\Domain.Core\Domain.Core.csproj", "{80F93ED9-7A87-488D-939C-4BD5DD699712}"
EndProject
Project("{9A19103F-16F7-4668-BE54-9A1E7A4F7556}") = "Services.Core", "src\Infrastructure\Services.Core\Services.Core.csproj", "{97F557E1-29FF-466F-8FE9-9E8A23FE3F2E}"
EndProject
Project("{2150E333-8FDC-42A3-9474-1A3956D46DE8}") = "Solution Items", "Solution Items", "{42B2FB4F-3FD2-4D70-8D9B-795DC9F3B548}"
EndProject
Project("{9A19103F-16F7-4668-BE54-9A1E7A4F7556}") = "Common.Core", "Common.Core\Common.Core.csproj", "{46FF223A-1347-46FA-B89E-6C6317AA36A3}"
EndProject
Project("{2150E333-8FDC-42A3-9474-1A3956D46DE8}") = "Compras", "Compras", "{ECB3A931-D4CB-4698-98C6-CCB0B502B028}"
EndProject
Project("{FAE04EC0-301F-11D3-BF4B-00C04F79EFBC}") = "Compras.API", "Compras.API\Compras.API.csproj", "{BFFFE729-280E-4E84-8987-8026B9D9916C}"
EndProject
Global
	GlobalSection(SolutionConfigurationPlatforms) = preSolution
		Debug|Any CPU = Debug|Any CPU
		Release|Any CPU = Release|Any CPU
	EndGlobalSection
	GlobalSection(ProjectConfigurationPlatforms) = postSolution
		{05EA1D49-5790-4B67-A6E2-B178D85F60CD}.Debug|Any CPU.ActiveCfg = Debug|Any CPU
		{05EA1D49-5790-4B67-A6E2-B178D85F60CD}.Debug|Any CPU.Build.0 = Debug|Any CPU
		{05EA1D49-5790-4B67-A6E2-B178D85F60CD}.Release|Any CPU.ActiveCfg = Release|Any CPU
		{05EA1D49-5790-4B67-A6E2-B178D85F60CD}.Release|Any CPU.Build.0 = Release|Any CPU
		{0BC2A393-EFB9-4E8E-87DC-369C782E338E}.Debug|Any CPU.ActiveCfg = Debug|Any CPU
		{0BC2A393-EFB9-4E8E-87DC-369C782E338E}.Debug|Any CPU.Build.0 = Debug|Any CPU
		{0BC2A393-EFB9-4E8E-87DC-369C782E338E}.Release|Any CPU.ActiveCfg = Release|Any CPU
		{0BC2A393-EFB9-4E8E-87DC-369C782E338E}.Release|Any CPU.Build.0 = Release|Any CPU
		{A18C3D07-AD89-48F1-ACD1-4F50ED4117CB}.Debug|Any CPU.ActiveCfg = Debug|Any CPU
		{A18C3D07-AD89-48F1-ACD1-4F50ED4117CB}.Debug|Any CPU.Build.0 = Debug|Any CPU
		{A18C3D07-AD89-48F1-ACD1-4F50ED4117CB}.Release|Any CPU.ActiveCfg = Release|Any CPU
		{A18C3D07-AD89-48F1-ACD1-4F50ED4117CB}.Release|Any CPU.Build.0 = Release|Any CPU
		{EDDD3258-2E99-4AF2-A4A9-CA857E3589F6}.Debug|Any CPU.ActiveCfg = Debug|Any CPU
		{EDDD3258-2E99-4AF2-A4A9-CA857E3589F6}.Debug|Any CPU.Build.0 = Debug|Any CPU
		{EDDD3258-2E99-4AF2-A4A9-CA857E3589F6}.Release|Any CPU.ActiveCfg = Release|Any CPU
		{EDDD3258-2E99-4AF2-A4A9-CA857E3589F6}.Release|Any CPU.Build.0 = Release|Any CPU
		{ADE0C26E-5670-481E-9D6D-D5FAA8CE80D5}.Debug|Any CPU.ActiveCfg = Debug|Any CPU
		{ADE0C26E-5670-481E-9D6D-D5FAA8CE80D5}.Debug|Any CPU.Build.0 = Debug|Any CPU
		{ADE0C26E-5670-481E-9D6D-D5FAA8CE80D5}.Release|Any CPU.ActiveCfg = Release|Any CPU
		{ADE0C26E-5670-481E-9D6D-D5FAA8CE80D5}.Release|Any CPU.Build.0 = Release|Any CPU
		{E6B5B290-EBDD-4A68-A377-D240007A0443}.Debug|Any CPU.ActiveCfg = Debug|Any CPU
		{E6B5B290-EBDD-4A68-A377-D240007A0443}.Debug|Any CPU.Build.0 = Debug|Any CPU
		{E6B5B290-EBDD-4A68-A377-D240007A0443}.Release|Any CPU.ActiveCfg = Release|Any CPU
		{E6B5B290-EBDD-4A68-A377-D240007A0443}.Release|Any CPU.Build.0 = Release|Any CPU
		{6F38192A-751E-430C-92CE-A1C39B5663F8}.Debug|Any CPU.ActiveCfg = Debug|Any CPU
		{6F38192A-751E-430C-92CE-A1C39B5663F8}.Debug|Any CPU.Build.0 = Debug|Any CPU
		{6F38192A-751E-430C-92CE-A1C39B5663F8}.Release|Any CPU.ActiveCfg = Release|Any CPU
		{6F38192A-751E-430C-92CE-A1C39B5663F8}.Release|Any CPU.Build.0 = Release|Any CPU
		{59F777D9-C6F7-4178-8912-30C6CA13BFE0}.Debug|Any CPU.ActiveCfg = Debug|Any CPU
		{59F777D9-C6F7-4178-8912-30C6CA13BFE0}.Debug|Any CPU.Build.0 = Debug|Any CPU
		{59F777D9-C6F7-4178-8912-30C6CA13BFE0}.Release|Any CPU.ActiveCfg = Release|Any CPU
		{59F777D9-C6F7-4178-8912-30C6CA13BFE0}.Release|Any CPU.Build.0 = Release|Any CPU
		{6ABD93A5-3072-470A-8985-16FD07B97DAD}.Debug|Any CPU.ActiveCfg = Debug|Any CPU
		{6ABD93A5-3072-470A-8985-16FD07B97DAD}.Debug|Any CPU.Build.0 = Debug|Any CPU
		{6ABD93A5-3072-470A-8985-16FD07B97DAD}.Release|Any CPU.ActiveCfg = Release|Any CPU
		{6ABD93A5-3072-470A-8985-16FD07B97DAD}.Release|Any CPU.Build.0 = Release|Any CPU
		{8A8A5D57-135B-4DD5-AE1C-3C6B11105C61}.Debug|Any CPU.ActiveCfg = Debug|Any CPU
		{8A8A5D57-135B-4DD5-AE1C-3C6B11105C61}.Debug|Any CPU.Build.0 = Debug|Any CPU
		{8A8A5D57-135B-4DD5-AE1C-3C6B11105C61}.Release|Any CPU.ActiveCfg = Release|Any CPU
		{8A8A5D57-135B-4DD5-AE1C-3C6B11105C61}.Release|Any CPU.Build.0 = Release|Any CPU
		{80F93ED9-7A87-488D-939C-4BD5DD699712}.Debug|Any CPU.ActiveCfg = Debug|Any CPU
		{80F93ED9-7A87-488D-939C-4BD5DD699712}.Debug|Any CPU.Build.0 = Debug|Any CPU
		{80F93ED9-7A87-488D-939C-4BD5DD699712}.Release|Any CPU.ActiveCfg = Release|Any CPU
		{80F93ED9-7A87-488D-939C-4BD5DD699712}.Release|Any CPU.Build.0 = Release|Any CPU
		{97F557E1-29FF-466F-8FE9-9E8A23FE3F2E}.Debug|Any CPU.ActiveCfg = Debug|Any CPU
		{97F557E1-29FF-466F-8FE9-9E8A23FE3F2E}.Debug|Any CPU.Build.0 = Debug|Any CPU
		{97F557E1-29FF-466F-8FE9-9E8A23FE3F2E}.Release|Any CPU.ActiveCfg = Release|Any CPU
		{97F557E1-29FF-466F-8FE9-9E8A23FE3F2E}.Release|Any CPU.Build.0 = Release|Any CPU
		{46FF223A-1347-46FA-B89E-6C6317AA36A3}.Debug|Any CPU.ActiveCfg = Debug|Any CPU
		{46FF223A-1347-46FA-B89E-6C6317AA36A3}.Debug|Any CPU.Build.0 = Debug|Any CPU
		{46FF223A-1347-46FA-B89E-6C6317AA36A3}.Release|Any CPU.ActiveCfg = Release|Any CPU
		{46FF223A-1347-46FA-B89E-6C6317AA36A3}.Release|Any CPU.Build.0 = Release|Any CPU
		{BFFFE729-280E-4E84-8987-8026B9D9916C}.Debug|Any CPU.ActiveCfg = Debug|Any CPU
		{BFFFE729-280E-4E84-8987-8026B9D9916C}.Debug|Any CPU.Build.0 = Debug|Any CPU
		{BFFFE729-280E-4E84-8987-8026B9D9916C}.Release|Any CPU.ActiveCfg = Release|Any CPU
		{BFFFE729-280E-4E84-8987-8026B9D9916C}.Release|Any CPU.Build.0 = Release|Any CPU
	EndGlobalSection
	GlobalSection(SolutionProperties) = preSolution
		HideSolutionNode = FALSE
	EndGlobalSection
	GlobalSection(NestedProjects) = preSolution
		{9324DE94-FBB6-4CC2-8473-2B921A276F9F} = {082E01DA-C712-4845-A935-F3C309A9F7C7}
		{8B8E8C88-B4D3-4BC2-A539-0B40360A967F} = {082E01DA-C712-4845-A935-F3C309A9F7C7}
		{9D5A88A4-D50C-42D4-8662-04E4847080AB} = {8B8E8C88-B4D3-4BC2-A539-0B40360A967F}
		{6706940D-ABFB-4455-9B14-D5D3401910D6} = {8B8E8C88-B4D3-4BC2-A539-0B40360A967F}
		{05EA1D49-5790-4B67-A6E2-B178D85F60CD} = {9324DE94-FBB6-4CC2-8473-2B921A276F9F}
		{0BC2A393-EFB9-4E8E-87DC-369C782E338E} = {9D5A88A4-D50C-42D4-8662-04E4847080AB}
		{090B0CC6-C23E-496D-A443-C416F21C4AA2} = {8B8E8C88-B4D3-4BC2-A539-0B40360A967F}
		{A18C3D07-AD89-48F1-ACD1-4F50ED4117CB} = {090B0CC6-C23E-496D-A443-C416F21C4AA2}
		{EDDD3258-2E99-4AF2-A4A9-CA857E3589F6} = {090B0CC6-C23E-496D-A443-C416F21C4AA2}
		{ADE0C26E-5670-481E-9D6D-D5FAA8CE80D5} = {090B0CC6-C23E-496D-A443-C416F21C4AA2}
		{E6B5B290-EBDD-4A68-A377-D240007A0443} = {6706940D-ABFB-4455-9B14-D5D3401910D6}
		{6F38192A-751E-430C-92CE-A1C39B5663F8} = {6706940D-ABFB-4455-9B14-D5D3401910D6}
		{59F777D9-C6F7-4178-8912-30C6CA13BFE0} = {9D5A88A4-D50C-42D4-8662-04E4847080AB}
		{6ABD93A5-3072-470A-8985-16FD07B97DAD} = {9D5A88A4-D50C-42D4-8662-04E4847080AB}
		{0872C090-18A3-4AD1-B1B3-3C5552A6722D} = {082E01DA-C712-4845-A935-F3C309A9F7C7}
		{8A8A5D57-135B-4DD5-AE1C-3C6B11105C61} = {6706940D-ABFB-4455-9B14-D5D3401910D6}
		{80F93ED9-7A87-488D-939C-4BD5DD699712} = {0872C090-18A3-4AD1-B1B3-3C5552A6722D}
		{97F557E1-29FF-466F-8FE9-9E8A23FE3F2E} = {0872C090-18A3-4AD1-B1B3-3C5552A6722D}
		{46FF223A-1347-46FA-B89E-6C6317AA36A3} = {0872C090-18A3-4AD1-B1B3-3C5552A6722D}
		{ECB3A931-D4CB-4698-98C6-CCB0B502B028} = {8B8E8C88-B4D3-4BC2-A539-0B40360A967F}
		{BFFFE729-280E-4E84-8987-8026B9D9916C} = {ECB3A931-D4CB-4698-98C6-CCB0B502B028}
	EndGlobalSection
	GlobalSection(ExtensibilityGlobals) = postSolution
		SolutionGuid = {AFCDF1B7-461A-45DE-BEDE-8123FE66B564}
	EndGlobalSection
EndGlobal
